
Microsoft Visual Studio Solution File, Format Version 12.00
# Visual Studio Version 17
VisualStudioVersion = 17.0.31903.59
MinimumVisualStudioVersion = 10.0.40219.1
Project("{2150E333-8FDC-42A3-9474-1A3956D46DE8}") = "src", "src", "{827E0CD3-B72D-47B6-A68D-7590B98EB39B}"
EndProject
Project("{FAE04EC0-301F-11D3-BF4B-00C04F79EFBC}") = "OnePieceCardGrader.Core", "src\OnePieceCardGrader.Core\OnePieceCardGrader.Core.csproj", "{14510D96-5411-49FB-A425-0F5A98CA3E43}"
EndProject
Project("{FAE04EC0-301F-11D3-BF4B-00C04F79EFBC}") = "OnePieceCardGrader.Imaging", "src\OnePieceCardGrader.Imaging\OnePieceCardGrader.Imaging.csproj", "{E1BF7638-3AE4-4724-830C-1D196AE5AED7}"
EndProject
Project("{FAE04EC0-301F-11D3-BF4B-00C04F79EFBC}") = "OnePieceCardGrader.Grading", "src\OnePieceCardGrader.Grading\OnePieceCardGrader.Grading.csproj", "{CD97B5EF-24DB-4267-BC8F-D6C9056266D7}"
EndProject
Project("{FAE04EC0-301F-11D3-BF4B-00C04F79EFBC}") = "OnePieceCardGrader.Infrastructure", "src\OnePieceCardGrader.Infrastructure\OnePieceCardGrader.Infrastructure.csproj", "{145FF639-FE3C-49DB-8852-295D8B50FABD}"
EndProject
Project("{FAE04EC0-301F-11D3-BF4B-00C04F79EFBC}") = "OnePieceCardGrader.App", "src\OnePieceCardGrader.App\OnePieceCardGrader.App.csproj", "{B493C937-D0BC-48AA-998A-D9C590F70DF4}"
EndProject
Project("{2150E333-8FDC-42A3-9474-1A3956D46DE8}") = "tests", "tests", "{0AB3BF05-4346-4AA6-1389-037BE0695223}"
EndProject
Project("{FAE04EC0-301F-11D3-BF4B-00C04F79EFBC}") = "OnePieceCardGrader.Core.Tests", "tests\OnePieceCardGrader.Core.Tests\OnePieceCardGrader.Core.Tests.csproj", "{DC22BBF6-73D7-41FB-A3E9-69CB2C32487F}"
EndProject
Project("{FAE04EC0-301F-11D3-BF4B-00C04F79EFBC}") = "OnePieceCardGrader.Imaging.Tests", "tests\OnePieceCardGrader.Imaging.Tests\OnePieceCardGrader.Imaging.Tests.csproj", "{B25362B2-88DB-42B7-8F62-2346C3AF9E66}"
EndProject
Project("{FAE04EC0-301F-11D3-BF4B-00C04F79EFBC}") = "OnePieceCardGrader.Grading.Tests", "tests\OnePieceCardGrader.Grading.Tests\OnePieceCardGrader.Grading.Tests.csproj", "{BC5AE96D-C54F-4797-B57E-FBEF42231D5D}"
EndProject
Global
	GlobalSection(SolutionConfigurationPlatforms) = preSolution
		Debug|Any CPU = Debug|Any CPU
		Debug|x64 = Debug|x64
		Debug|x86 = Debug|x86
		Release|Any CPU = Release|Any CPU
		Release|x64 = Release|x64
		Release|x86 = Release|x86
	EndGlobalSection
	GlobalSection(ProjectConfigurationPlatforms) = postSolution
		{14510D96-5411-49FB-A425-0F5A98CA3E43}.Debug|Any CPU.ActiveCfg = Debug|Any CPU
		{14510D96-5411-49FB-A425-0F5A98CA3E43}.Debug|Any CPU.Build.0 = Debug|Any CPU
		{14510D96-5411-49FB-A425-0F5A98CA3E43}.Debug|x64.ActiveCfg = Debug|Any CPU
		{14510D96-5411-49FB-A425-0F5A98CA3E43}.Debug|x64.Build.0 = Debug|Any CPU
		{14510D96-5411-49FB-A425-0F5A98CA3E43}.Debug|x86.ActiveCfg = Debug|Any CPU
		{14510D96-5411-49FB-A425-0F5A98CA3E43}.Debug|x86.Build.0 = Debug|Any CPU
		{14510D96-5411-49FB-A425-0F5A98CA3E43}.Release|Any CPU.ActiveCfg = Release|Any CPU
		{14510D96-5411-49FB-A425-0F5A98CA3E43}.Release|Any CPU.Build.0 = Release|Any CPU
		{14510D96-5411-49FB-A425-0F5A98CA3E43}.Release|x64.ActiveCfg = Release|Any CPU
		{14510D96-5411-49FB-A425-0F5A98CA3E43}.Release|x64.Build.0 = Release|Any CPU
		{14510D96-5411-49FB-A425-0F5A98CA3E43}.Release|x86.ActiveCfg = Release|Any CPU
		{14510D96-5411-49FB-A425-0F5A98CA3E43}.Release|x86.Build.0 = Release|Any CPU
		{E1BF7638-3AE4-4724-830C-1D196AE5AED7}.Debug|Any CPU.ActiveCfg = Debug|Any CPU
		{E1BF7638-3AE4-4724-830C-1D196AE5AED7}.Debug|Any CPU.Build.0 = Debug|Any CPU
		{E1BF7638-3AE4-4724-830C-1D196AE5AED7}.Debug|x64.ActiveCfg = Debug|Any CPU
		{E1BF7638-3AE4-4724-830C-1D196AE5AED7}.Debug|x64.Build.0 = Debug|Any CPU
		{E1BF7638-3AE4-4724-830C-1D196AE5AED7}.Debug|x86.ActiveCfg = Debug|Any CPU
		{E1BF7638-3AE4-4724-830C-1D196AE5AED7}.Debug|x86.Build.0 = Debug|Any CPU
		{E1BF7638-3AE4-4724-830C-1D196AE5AED7}.Release|Any CPU.ActiveCfg = Release|Any CPU
		{E1BF7638-3AE4-4724-830C-1D196AE5AED7}.Release|Any CPU.Build.0 = Release|Any CPU
		{E1BF7638-3AE4-4724-830C-1D196AE5AED7}.Release|x64.ActiveCfg = Release|Any CPU
		{E1BF7638-3AE4-4724-830C-1D196AE5AED7}.Release|x64.Build.0 = Release|Any CPU
		{E1BF7638-3AE4-4724-830C-1D196AE5AED7}.Release|x86.ActiveCfg = Release|Any CPU
		{E1BF7638-3AE4-4724-830C-1D196AE5AED7}.Release|x86.Build.0 = Release|Any CPU
		{CD97B5EF-24DB-4267-BC8F-D6C9056266D7}.Debug|Any CPU.ActiveCfg = Debug|Any CPU
		{CD97B5EF-24DB-4267-BC8F-D6C9056266D7}.Debug|Any CPU.Build.0 = Debug|Any CPU
		{CD97B5EF-24DB-4267-BC8F-D6C9056266D7}.Debug|x64.ActiveCfg = Debug|Any CPU
		{CD97B5EF-24DB-4267-BC8F-D6C9056266D7}.Debug|x64.Build.0 = Debug|Any CPU
		{CD97B5EF-24DB-4267-BC8F-D6C9056266D7}.Debug|x86.ActiveCfg = Debug|Any CPU
		{CD97B5EF-24DB-4267-BC8F-D6C9056266D7}.Debug|x86.Build.0 = Debug|Any CPU
		{CD97B5EF-24DB-4267-BC8F-D6C9056266D7}.Release|Any CPU.ActiveCfg = Release|Any CPU
		{CD97B5EF-24DB-4267-BC8F-D6C9056266D7}.Release|Any CPU.Build.0 = Release|Any CPU
		{CD97B5EF-24DB-4267-BC8F-D6C9056266D7}.Release|x64.ActiveCfg = Release|Any CPU
		{CD97B5EF-24DB-4267-BC8F-D6C9056266D7}.Release|x64.Build.0 = Release|Any CPU
		{CD97B5EF-24DB-4267-BC8F-D6C9056266D7}.Release|x86.ActiveCfg = Release|Any CPU
		{CD97B5EF-24DB-4267-BC8F-D6C9056266D7}.Release|x86.Build.0 = Release|Any CPU
		{145FF639-FE3C-49DB-8852-295D8B50FABD}.Debug|Any CPU.ActiveCfg = Debug|Any CPU
		{145FF639-FE3C-49DB-8852-295D8B50FABD}.Debug|Any CPU.Build.0 = Debug|Any CPU
		{145FF639-FE3C-49DB-8852-295D8B50FABD}.Debug|x64.ActiveCfg = Debug|Any CPU
		{145FF639-FE3C-49DB-8852-295D8B50FABD}.Debug|x64.Build.0 = Debug|Any CPU
		{145FF639-FE3C-49DB-8852-295D8B50FABD}.Debug|x86.ActiveCfg = Debug|Any CPU
		{145FF639-FE3C-49DB-8852-295D8B50FABD}.Debug|x86.Build.0 = Debug|Any CPU
		{145FF639-FE3C-49DB-8852-295D8B50FABD}.Release|Any CPU.ActiveCfg = Release|Any CPU
		{145FF639-FE3C-49DB-8852-295D8B50FABD}.Release|Any CPU.Build.0 = Release|Any CPU
		{145FF639-FE3C-49DB-8852-295D8B50FABD}.Release|x64.ActiveCfg = Release|Any CPU
		{145FF639-FE3C-49DB-8852-295D8B50FABD}.Release|x64.Build.0 = Release|Any CPU
		{145FF639-FE3C-49DB-8852-295D8B50FABD}.Release|x86.ActiveCfg = Release|Any CPU
		{145FF639-FE3C-49DB-8852-295D8B50FABD}.Release|x86.Build.0 = Release|Any CPU
		{B493C937-D0BC-48AA-998A-D9C590F70DF4}.Debug|Any CPU.ActiveCfg = Debug|Any CPU
		{B493C937-D0BC-48AA-998A-D9C590F70DF4}.Debug|Any CPU.Build.0 = Debug|Any CPU
		{B493C937-D0BC-48AA-998A-D9C590F70DF4}.Debug|x64.ActiveCfg = Debug|Any CPU
		{B493C937-D0BC-48AA-998A-D9C590F70DF4}.Debug|x64.Build.0 = Debug|Any CPU
		{B493C937-D0BC-48AA-998A-D9C590F70DF4}.Debug|x86.ActiveCfg = Debug|Any CPU
		{B493C937-D0BC-48AA-998A-D9C590F70DF4}.Debug|x86.Build.0 = Debug|Any CPU
		{B493C937-D0BC-48AA-998A-D9C590F70DF4}.Release|Any CPU.ActiveCfg = Release|Any CPU
		{B493C937-D0BC-48AA-998A-D9C590F70DF4}.Release|Any CPU.Build.0 = Release|Any CPU
		{B493C937-D0BC-48AA-998A-D9C590F70DF4}.Release|x64.ActiveCfg = Release|Any CPU
		{B493C937-D0BC-48AA-998A-D9C590F70DF4}.Release|x64.Build.0 = Release|Any CPU
		{B493C937-D0BC-48AA-998A-D9C590F70DF4}.Release|x86.ActiveCfg = Release|Any CPU
		{B493C937-D0BC-48AA-998A-D9C590F70DF4}.Release|x86.Build.0 = Release|Any CPU
		{DC22BBF6-73D7-41FB-A3E9-69CB2C32487F}.Debug|Any CPU.ActiveCfg = Debug|Any CPU
		{DC22BBF6-73D7-41FB-A3E9-69CB2C32487F}.Debug|Any CPU.Build.0 = Debug|Any CPU
		{DC22BBF6-73D7-41FB-A3E9-69CB2C32487F}.Debug|x64.ActiveCfg = Debug|Any CPU
		{DC22BBF6-73D7-41FB-A3E9-69CB2C32487F}.Debug|x64.Build.0 = Debug|Any CPU
		{DC22BBF6-73D7-41FB-A3E9-69CB2C32487F}.Debug|x86.ActiveCfg = Debug|Any CPU
		{DC22BBF6-73D7-41FB-A3E9-69CB2C32487F}.Debug|x86.Build.0 = Debug|Any CPU
		{DC22BBF6-73D7-41FB-A3E9-69CB2C32487F}.Release|Any CPU.ActiveCfg = Release|Any CPU
		{DC22BBF6-73D7-41FB-A3E9-69CB2C32487F}.Release|Any CPU.Build.0 = Release|Any CPU
		{DC22BBF6-73D7-41FB-A3E9-69CB2C32487F}.Release|x64.ActiveCfg = Release|Any CPU
		{DC22BBF6-73D7-41FB-A3E9-69CB2C32487F}.Release|x64.Build.0 = Release|Any CPU
		{DC22BBF6-73D7-41FB-A3E9-69CB2C32487F}.Release|x86.ActiveCfg = Release|Any CPU
		{DC22BBF6-73D7-41FB-A3E9-69CB2C32487F}.Release|x86.Build.0 = Release|Any CPU
		{B25362B2-88DB-42B7-8F62-2346C3AF9E66}.Debug|Any CPU.ActiveCfg = Debug|Any CPU
		{B25362B2-88DB-42B7-8F62-2346C3AF9E66}.Debug|Any CPU.Build.0 = Debug|Any CPU
		{B25362B2-88DB-42B7-8F62-2346C3AF9E66}.Debug|x64.ActiveCfg = Debug|Any CPU
		{B25362B2-88DB-42B7-8F62-2346C3AF9E66}.Debug|x64.Build.0 = Debug|Any CPU
		{B25362B2-88DB-42B7-8F62-2346C3AF9E66}.Debug|x86.ActiveCfg = Debug|Any CPU
		{B25362B2-88DB-42B7-8F62-2346C3AF9E66}.Debug|x86.Build.0 = Debug|Any CPU
		{B25362B2-88DB-42B7-8F62-2346C3AF9E66}.Release|Any CPU.ActiveCfg = Release|Any CPU
		{B25362B2-88DB-42B7-8F62-2346C3AF9E66}.Release|Any CPU.Build.0 = Release|Any CPU
		{B25362B2-88DB-42B7-8F62-2346C3AF9E66}.Release|x64.ActiveCfg = Release|Any CPU
		{B25362B2-88DB-42B7-8F62-2346C3AF9E66}.Release|x64.Build.0 = Release|Any CPU
		{B25362B2-88DB-42B7-8F62-2346C3AF9E66}.Release|x86.ActiveCfg = Release|Any CPU
		{B25362B2-88DB-42B7-8F62-2346C3AF9E66}.Release|x86.Build.0 = Release|Any CPU
		{BC5AE96D-C54F-4797-B57E-FBEF42231D5D}.Debug|Any CPU.ActiveCfg = Debug|Any CPU
		{BC5AE96D-C54F-4797-B57E-FBEF42231D5D}.Debug|Any CPU.Build.0 = Debug|Any CPU
		{BC5AE96D-C54F-4797-B57E-FBEF42231D5D}.Debug|x64.ActiveCfg = Debug|Any CPU
		{BC5AE96D-C54F-4797-B57E-FBEF42231D5D}.Debug|x64.Build.0 = Debug|Any CPU
		{BC5AE96D-C54F-4797-B57E-FBEF42231D5D}.Debug|x86.ActiveCfg = Debug|Any CPU
		{BC5AE96D-C54F-4797-B57E-FBEF42231D5D}.Debug|x86.Build.0 = Debug|Any CPU
		{BC5AE96D-C54F-4797-B57E-FBEF42231D5D}.Release|Any CPU.ActiveCfg = Release|Any CPU
		{BC5AE96D-C54F-4797-B57E-FBEF42231D5D}.Release|Any CPU.Build.0 = Release|Any CPU
		{BC5AE96D-C54F-4797-B57E-FBEF42231D5D}.Release|x64.ActiveCfg = Release|Any CPU
		{BC5AE96D-C54F-4797-B57E-FBEF42231D5D}.Release|x64.Build.0 = Release|Any CPU
		{BC5AE96D-C54F-4797-B57E-FBEF42231D5D}.Release|x86.ActiveCfg = Release|Any CPU
		{BC5AE96D-C54F-4797-B57E-FBEF42231D5D}.Release|x86.Build.0 = Release|Any CPU
	EndGlobalSection
	GlobalSection(SolutionProperties) = preSolution
		HideSolutionNode = FALSE
	EndGlobalSection
	GlobalSection(NestedProjects) = preSolution
		{14510D96-5411-49FB-A425-0F5A98CA3E43} = {827E0CD3-B72D-47B6-A68D-7590B98EB39B}
		{E1BF7638-3AE4-4724-830C-1D196AE5AED7} = {827E0CD3-B72D-47B6-A68D-7590B98EB39B}
		{CD97B5EF-24DB-4267-BC8F-D6C9056266D7} = {827E0CD3-B72D-47B6-A68D-7590B98EB39B}
		{145FF639-FE3C-49DB-8852-295D8B50FABD} = {827E0CD3-B72D-47B6-A68D-7590B98EB39B}
		{B493C937-D0BC-48AA-998A-D9C590F70DF4} = {827E0CD3-B72D-47B6-A68D-7590B98EB39B}
		{DC22BBF6-73D7-41FB-A3E9-69CB2C32487F} = {0AB3BF05-4346-4AA6-1389-037BE0695223}
		{B25362B2-88DB-42B7-8F62-2346C3AF9E66} = {0AB3BF05-4346-4AA6-1389-037BE0695223}
		{BC5AE96D-C54F-4797-B57E-FBEF42231D5D} = {0AB3BF05-4346-4AA6-1389-037BE0695223}
	EndGlobalSection
EndGlobal
